<?xml version="1.0" encoding="utf-8"?>
<Project ToolsVersion="4.0" xmlns="http://schemas.microsoft.com/developer/msbuild/2003">
  <ItemGroup>
    <Filter Include="源文件">
      <UniqueIdentifier>{4FC737F1-C7A5-4376-A066-2A32D752A2FF}</UniqueIdentifier>
      <Extensions>cpp;c;cc;cxx;c++;cppm;ixx;def;odl;idl;hpj;bat;asm;asmx</Extensions>
    </Filter>
    <Filter Include="头文件">
      <UniqueIdentifier>{93995380-89BD-4b04-88EB-625FBE52EBFB}</UniqueIdentifier>
      <Extensions>h;hh;hpp;hxx;h++;hm;inl;inc;ipp;xsd</Extensions>
    </Filter>
    <Filter Include="资源文件">
      <UniqueIdentifier>{67DA6AB6-F800-4c08-8B7A-83BB121AAD01}</UniqueIdentifier>
      <Extensions>rc;ico;cur;bmp;dlg;rc2;rct;bin;rgs;gif;jpg;jpeg;jpe;resx;tiff;tif;png;wav;mfcribbon-ms</Extensions>
    </Filter>
    <Filter Include="头文件\base">
      <UniqueIdentifier>{82688856-db67-491e-a072-7fe3cb4c42fb}</UniqueIdentifier>
    </Filter>
    <Filter Include="源文件\前端">
      <UniqueIdentifier>{492ffb61-d05d-4845-b4ab-7811cc47a854}</UniqueIdentifier>
    </Filter>
    <Filter Include="源文件\前端\设置界面">
      <UniqueIdentifier>{faea4ab6-4bad-45b4-a2ec-35fdf8b98ad5}</UniqueIdentifier>
    </Filter>
    <Filter Include="openGL">
      <UniqueIdentifier>{df682933-9cf2-48db-92b0-8fe94a80c69d}</UniqueIdentifier>
    </Filter>
    <Filter Include="源文件\OpenGL">
      <UniqueIdentifier>{7bc1c472-b64f-4569-93e4-525f7fe0256b}</UniqueIdentifier>
    </Filter>
  </ItemGroup>
  <ItemGroup>
    <ClInclude Include="mywindows.h">
      <Filter>头文件</Filter>
    </ClInclude>
    <ClInclude Include="log.h">
      <Filter>头文件</Filter>
    </ClInclude>
    <ClInclude Include="getname.h">
      <Filter>头文件</Filter>
    </ClInclude>
    <ClInclude Include="FirstScreen.h">
      <Filter>头文件</Filter>
    </ClInclude>
    <ClInclude Include="NameScreen.h">
      <Filter>头文件</Filter>
    </ClInclude>
    <ClInclude Include="ui.h">
      <Filter>头文件</Filter>
    </ClInclude>
    <ClInclude Include="set-json.h">
      <Filter>头文件</Filter>
    </ClInclude>
    <ClInclude Include="resource.h">
      <Filter>头文件</Filter>
    </ClInclude>
    <ClInclude Include="init.h">
      <Filter>头文件</Filter>
    </ClInclude>
    <ClInclude Include="MSGback.h">
      <Filter>头文件</Filter>
    </ClInclude>
    <ClInclude Include="floatwindow.h">
      <Filter>头文件</Filter>
    </ClInclude>
    <ClInclude Include="HistoryScreen.h">
      <Filter>头文件</Filter>
    </ClInclude>
    <ClInclude Include="bitmaps.h">
      <Filter>头文件\base</Filter>
    </ClInclude>
    <ClInclude Include="Button.h">
      <Filter>头文件\base</Filter>
    </ClInclude>
    <ClInclude Include="config.h">
      <Filter>头文件\base</Filter>
    </ClInclude>
    <ClInclude Include="VideoPlayer.h">
      <Filter>头文件\base</Filter>
    </ClInclude>
    <ClInclude Include="Gp.h">
      <Filter>头文件\base</Filter>
    </ClInclude>
    <ClInclude Include="Painter.h">
      <Filter>头文件\base</Filter>
    </ClInclude>
    <ClInclude Include="SetButton.h">
      <Filter>头文件</Filter>
    </ClInclude>
    <ClInclude Include="item.h">
      <Filter>头文件</Filter>
    </ClInclude>
    <ClInclude Include="explorer.h">
      <Filter>头文件</Filter>
    </ClInclude>
    <ClInclude Include="Timer.h">
      <Filter>头文件</Filter>
    </ClInclude>
    <ClInclude Include="ConfigItem.h">
      <Filter>头文件</Filter>
    </ClInclude>
    <ClInclude Include="sth2sth.h">
      <Filter>头文件\base</Filter>
    </ClInclude>
    <ClInclude Include="LoadWindow.h">
      <Filter>头文件</Filter>
    </ClInclude>
    <ClInclude Include="MenuItem.h">
      <Filter>头文件</Filter>
    </ClInclude>
    <ClInclude Include="MenuScreen.h">
      <Filter>头文件</Filter>
    </ClInclude>
    <ClInclude Include="NameButton.h">
      <Filter>头文件</Filter>
    </ClInclude>
    <ClInclude Include="Screen.h">
      <Filter>头文件</Filter>
    </ClInclude>
    <ClInclude Include="opengl\Application.h">
      <Filter>openGL</Filter>
    </ClInclude>
    <ClInclude Include="opengl\FontRenderer.h">
      <Filter>openGL</Filter>
    </ClInclude>
    <ClInclude Include="opengl\GLRenderer.h">
      <Filter>openGL</Filter>
    </ClInclude>
    <ClInclude Include="opengl\Shader.h">
      <Filter>openGL</Filter>
    </ClInclude>
    <ClInclude Include="opengl\Texture.h">
      <Filter>openGL</Filter>
    </ClInclude>
    <ClInclude Include="opengl\Window.h">
      <Filter>openGL</Filter>
    </ClInclude>
  </ItemGroup>
  <ItemGroup>
    <ClCompile Include="mywindows.cpp">
      <Filter>源文件</Filter>
    </ClCompile>
    <ClCompile Include="log.cpp">
      <Filter>源文件</Filter>
    </ClCompile>
    <ClCompile Include="config.cpp">
      <Filter>源文件</Filter>
    </ClCompile>
    <ClCompile Include="getname.cpp">
      <Filter>源文件</Filter>
    </ClCompile>
    <ClCompile Include="sth2sth.cpp">
      <Filter>源文件</Filter>
    </ClCompile>
    <ClCompile Include="init.cpp">
      <Filter>源文件</Filter>
    </ClCompile>
    <ClCompile Include="MSGback.cpp">
      <Filter>源文件</Filter>
    </ClCompile>
    <ClCompile Include="Painter.cpp">
      <Filter>源文件</Filter>
    </ClCompile>
    <ClCompile Include="set-json.cpp">
      <Filter>源文件\前端\设置界面</Filter>
    </ClCompile>
    <ClCompile Include="SetButton.cpp">
      <Filter>源文件\前端\设置界面</Filter>
    </ClCompile>
    <ClCompile Include="FirstScreen.cpp">
      <Filter>源文件\前端</Filter>
    </ClCompile>
    <ClCompile Include="floatwindow.cpp">
      <Filter>源文件\前端</Filter>
    </ClCompile>
    <ClCompile Include="Gp.cpp">
      <Filter>源文件\前端</Filter>
    </ClCompile>
    <ClCompile Include="NameScreen.cpp">
      <Filter>源文件\前端</Filter>
    </ClCompile>
    <ClCompile Include="HistoryScreen.cpp">
      <Filter>源文件\前端</Filter>
    </ClCompile>
    <ClCompile Include="explorer.cpp">
      <Filter>源文件</Filter>
    </ClCompile>
    <ClCompile Include="Timer.cpp">
      <Filter>源文件</Filter>
    </ClCompile>
    <ClCompile Include="SetPageRollBack.cpp">
      <Filter>源文件\前端\设置界面</Filter>
    </ClCompile>
    <ClCompile Include="VideoPlayer.cpp">
      <Filter>源文件\前端</Filter>
    </ClCompile>
    <ClCompile Include="ConfigItem.cpp">
      <Filter>源文件</Filter>
    </ClCompile>
    <ClCompile Include="Others.cpp">
      <Filter>源文件</Filter>
    </ClCompile>
    <ClCompile Include="LoadWindow.cpp">
      <Filter>源文件</Filter>
    </ClCompile>
    <ClCompile Include="MenuItem.cpp">
      <Filter>源文件\前端</Filter>
    </ClCompile>
    <ClCompile Include="Screen.cpp">
      <Filter>源文件</Filter>
    </ClCompile>
    <ClCompile Include="MenuScreen.cpp">
      <Filter>源文件\前端</Filter>
    </ClCompile>
    <ClCompile Include="Button.cpp">
      <Filter>源文件\前端</Filter>
    </ClCompile>
    <ClCompile Include="NameButton.cpp">
      <Filter>源文件\前端</Filter>
    </ClCompile>
    <ClCompile Include="ui.cpp">
      <Filter>源文件\前端</Filter>
    </ClCompile>
    <ClCompile Include="opengl\Application.cpp">
      <Filter>源文件\OpenGL</Filter>
    </ClCompile>
    <ClCompile Include="opengl\FontRenderer.cpp">
      <Filter>源文件\OpenGL</Filter>
    </ClCompile>
    <ClCompile Include="opengl\GLRenderer.cpp">
      <Filter>源文件\OpenGL</Filter>
    </ClCompile>
    <ClCompile Include="opengl\Shader.cpp">
      <Filter>源文件\OpenGL</Filter>
    </ClCompile>
    <ClCompile Include="opengl\main.cpp">
      <Filter>源文件\OpenGL</Filter>
    </ClCompile>
    <ClCompile Include="opengl\Texture.cpp">
      <Filter>源文件\OpenGL</Filter>
    </ClCompile>
    <ClCompile Include="opengl\Window.cpp">
      <Filter>源文件\OpenGL</Filter>
    </ClCompile>
  </ItemGroup>
  <ItemGroup>
    <None Include="ClassDiagram.cd" />
  </ItemGroup>
  <ItemGroup>
    <ResourceCompile Include="random.rc">
      <Filter>资源文件</Filter>
    </ResourceCompile>
  </ItemGroup>
  <ItemGroup>
    <Image Include="OIP-C.ico">
      <Filter>资源文件</Filter>
    </Image>
  </ItemGroup>
</Project>